// !$*UTF8*$!
{
	archiveVersion = 1;
	classes = {
	};
	objectVersion = 55;
	objects = {

/* Begin PBXBuildFile section */
		925940FF286DCF5F0006C62D /* AppDelegate.swift in Sources */ = {isa = PBXBuildFile; fileRef = 925940FE286DCF5F0006C62D /* AppDelegate.swift */; };
		92594101286DCF5F0006C62D /* SceneDelegate.swift in Sources */ = {isa = PBXBuildFile; fileRef = 92594100286DCF5F0006C62D /* SceneDelegate.swift */; };
		92594103286DCF5F0006C62D /* LeaguesViewController.swift in Sources */ = {isa = PBXBuildFile; fileRef = 92594102286DCF5F0006C62D /* LeaguesViewController.swift */; };
		92594108286DCF5F0006C62D /* Assets.xcassets in Resources */ = {isa = PBXBuildFile; fileRef = 92594107286DCF5F0006C62D /* Assets.xcassets */; };
		9259410B286DCF5F0006C62D /* LaunchScreen.storyboard in Resources */ = {isa = PBXBuildFile; fileRef = 92594109286DCF5F0006C62D /* LaunchScreen.storyboard */; };
		92594115286DD88E0006C62D /* ModulesBuilder.swift in Sources */ = {isa = PBXBuildFile; fileRef = 92594114286DD88E0006C62D /* ModulesBuilder.swift */; };
		92594118286DD95A0006C62D /* SeasonsViewController.swift in Sources */ = {isa = PBXBuildFile; fileRef = 92594117286DD95A0006C62D /* SeasonsViewController.swift */; };
		9259411C286DDA180006C62D /* LeaguesPresenter.swift in Sources */ = {isa = PBXBuildFile; fileRef = 9259411B286DDA180006C62D /* LeaguesPresenter.swift */; };
		9259411E286DDAB80006C62D /* LeaguesProtocols.swift in Sources */ = {isa = PBXBuildFile; fileRef = 9259411D286DDAB80006C62D /* LeaguesProtocols.swift */; };
		92594120286DDBE70006C62D /* NetworkingManager.swift in Sources */ = {isa = PBXBuildFile; fileRef = 9259411F286DDBE70006C62D /* NetworkingManager.swift */; };
		92594125286DE7190006C62D /* LeaguesModel.swift in Sources */ = {isa = PBXBuildFile; fileRef = 92594124286DE7190006C62D /* LeaguesModel.swift */; };
		92594128286DEA780006C62D /* UIView+Extension.swift in Sources */ = {isa = PBXBuildFile; fileRef = 92594127286DEA780006C62D /* UIView+Extension.swift */; };
		9259412A286DEAD80006C62D /* LeagueViewCell.swift in Sources */ = {isa = PBXBuildFile; fileRef = 92594129286DEAD80006C62D /* LeagueViewCell.swift */; };
		9259412C286DF0270006C62D /* CancelBag.swift in Sources */ = {isa = PBXBuildFile; fileRef = 9259412B286DF0270006C62D /* CancelBag.swift */; };
		9259412F286E6BE20006C62D /* UIStackView+Extension.swift in Sources */ = {isa = PBXBuildFile; fileRef = 9259412E286E6BE20006C62D /* UIStackView+Extension.swift */; };
		92594131286E753F0006C62D /* UIImage+Extension.swift in Sources */ = {isa = PBXBuildFile; fileRef = 92594130286E753F0006C62D /* UIImage+Extension.swift */; };
		92594133286E75AE0006C62D /* ImageCache.swift in Sources */ = {isa = PBXBuildFile; fileRef = 92594132286E75AE0006C62D /* ImageCache.swift */; };
		92594135286E7AB80006C62D /* ImageLoader.swift in Sources */ = {isa = PBXBuildFile; fileRef = 92594134286E7AB80006C62D /* ImageLoader.swift */; };
		92594138286E87560006C62D /* SeasonsProtocols.swift in Sources */ = {isa = PBXBuildFile; fileRef = 92594137286E87560006C62D /* SeasonsProtocols.swift */; };
		9259413A286E87640006C62D /* SeasonsPresenter.swift in Sources */ = {isa = PBXBuildFile; fileRef = 92594139286E87640006C62D /* SeasonsPresenter.swift */; };
		9259413C286E87730006C62D /* SeasonsCell.swift in Sources */ = {isa = PBXBuildFile; fileRef = 9259413B286E87730006C62D /* SeasonsCell.swift */; };
		9259413E286E88A80006C62D /* SeasonsModel.swift in Sources */ = {isa = PBXBuildFile; fileRef = 9259413D286E88A80006C62D /* SeasonsModel.swift */; };
		92594140286E8A390006C62D /* StandsViewController.swift in Sources */ = {isa = PBXBuildFile; fileRef = 9259413F286E8A390006C62D /* StandsViewController.swift */; };
		92594143286EAB280006C62D /* StandsModel.swift in Sources */ = {isa = PBXBuildFile; fileRef = 92594142286EAB280006C62D /* StandsModel.swift */; };
		92594145286EAD8D0006C62D /* StandsProtocols.swift in Sources */ = {isa = PBXBuildFile; fileRef = 92594144286EAD8D0006C62D /* StandsProtocols.swift */; };
		92594147286EAD990006C62D /* StanadsPresenter.swift in Sources */ = {isa = PBXBuildFile; fileRef = 92594146286EAD990006C62D /* StanadsPresenter.swift */; };
		92594149286EAF160006C62D /* StandsCell.swift in Sources */ = {isa = PBXBuildFile; fileRef = 92594148286EAF160006C62D /* StandsCell.swift */; };
		9259414B286EBE140006C62D /* UILabel+Extension.swift in Sources */ = {isa = PBXBuildFile; fileRef = 9259414A286EBE140006C62D /* UILabel+Extension.swift */; };
/* End PBXBuildFile section */

/* Begin PBXFileReference section */
		925940FB286DCF5F0006C62D /* Football.app */ = {isa = PBXFileReference; explicitFileType = wrapper.application; includeInIndex = 0; path = Football.app; sourceTree = BUILT_PRODUCTS_DIR; };
		925940FE286DCF5F0006C62D /* AppDelegate.swift */ = {isa = PBXFileReference; lastKnownFileType = sourcecode.swift; path = AppDelegate.swift; sourceTree = "<group>"; };
		92594100286DCF5F0006C62D /* SceneDelegate.swift */ = {isa = PBXFileReference; lastKnownFileType = sourcecode.swift; path = SceneDelegate.swift; sourceTree = "<group>"; };
		92594102286DCF5F0006C62D /* LeaguesViewController.swift */ = {isa = PBXFileReference; lastKnownFileType = sourcecode.swift; path = LeaguesViewController.swift; sourceTree = "<group>"; };
		92594107286DCF5F0006C62D /* Assets.xcassets */ = {isa = PBXFileReference; lastKnownFileType = folder.assetcatalog; path = Assets.xcassets; sourceTree = "<group>"; };
		9259410A286DCF5F0006C62D /* Base */ = {isa = PBXFileReference; lastKnownFileType = file.storyboard; name = Base; path = Base.lproj/LaunchScreen.storyboard; sourceTree = "<group>"; };
		9259410C286DCF5F0006C62D /* Info.plist */ = {isa = PBXFileReference; lastKnownFileType = text.plist.xml; path = Info.plist; sourceTree = "<group>"; };
		92594114286DD88E0006C62D /* ModulesBuilder.swift */ = {isa = PBXFileReference; lastKnownFileType = sourcecode.swift; path = ModulesBuilder.swift; sourceTree = "<group>"; };
		92594117286DD95A0006C62D /* SeasonsViewController.swift */ = {isa = PBXFileReference; lastKnownFileType = sourcecode.swift; path = SeasonsViewController.swift; sourceTree = "<group>"; };
		9259411B286DDA180006C62D /* LeaguesPresenter.swift */ = {isa = PBXFileReference; lastKnownFileType = sourcecode.swift; path = LeaguesPresenter.swift; sourceTree = "<group>"; };
		9259411D286DDAB80006C62D /* LeaguesProtocols.swift */ = {isa = PBXFileReference; lastKnownFileType = sourcecode.swift; path = LeaguesProtocols.swift; sourceTree = "<group>"; };
		9259411F286DDBE70006C62D /* NetworkingManager.swift */ = {isa = PBXFileReference; lastKnownFileType = sourcecode.swift; path = NetworkingManager.swift; sourceTree = "<group>"; };
		92594124286DE7190006C62D /* LeaguesModel.swift */ = {isa = PBXFileReference; lastKnownFileType = sourcecode.swift; path = LeaguesModel.swift; sourceTree = "<group>"; };
		92594127286DEA780006C62D /* UIView+Extension.swift */ = {isa = PBXFileReference; lastKnownFileType = sourcecode.swift; path = "UIView+Extension.swift"; sourceTree = "<group>"; };
		92594129286DEAD80006C62D /* LeagueViewCell.swift */ = {isa = PBXFileReference; lastKnownFileType = sourcecode.swift; path = LeagueViewCell.swift; sourceTree = "<group>"; };
		9259412B286DF0270006C62D /* CancelBag.swift */ = {isa = PBXFileReference; lastKnownFileType = sourcecode.swift; path = CancelBag.swift; sourceTree = "<group>"; };
		9259412E286E6BE20006C62D /* UIStackView+Extension.swift */ = {isa = PBXFileReference; lastKnownFileType = sourcecode.swift; path = "UIStackView+Extension.swift"; sourceTree = "<group>"; };
		92594130286E753F0006C62D /* UIImage+Extension.swift */ = {isa = PBXFileReference; lastKnownFileType = sourcecode.swift; path = "UIImage+Extension.swift"; sourceTree = "<group>"; };
		92594132286E75AE0006C62D /* ImageCache.swift */ = {isa = PBXFileReference; lastKnownFileType = sourcecode.swift; path = ImageCache.swift; sourceTree = "<group>"; };
		92594134286E7AB80006C62D /* ImageLoader.swift */ = {isa = PBXFileReference; lastKnownFileType = sourcecode.swift; path = ImageLoader.swift; sourceTree = "<group>"; };
		92594137286E87560006C62D /* SeasonsProtocols.swift */ = {isa = PBXFileReference; lastKnownFileType = sourcecode.swift; path = SeasonsProtocols.swift; sourceTree = "<group>"; };
		92594139286E87640006C62D /* SeasonsPresenter.swift */ = {isa = PBXFileReference; lastKnownFileType = sourcecode.swift; path = SeasonsPresenter.swift; sourceTree = "<group>"; };
		9259413B286E87730006C62D /* SeasonsCell.swift */ = {isa = PBXFileReference; lastKnownFileType = sourcecode.swift; path = SeasonsCell.swift; sourceTree = "<group>"; };
		9259413D286E88A80006C62D /* SeasonsModel.swift */ = {isa = PBXFileReference; lastKnownFileType = sourcecode.swift; path = SeasonsModel.swift; sourceTree = "<group>"; };
		9259413F286E8A390006C62D /* StandsViewController.swift */ = {isa = PBXFileReference; lastKnownFileType = sourcecode.swift; path = StandsViewController.swift; sourceTree = "<group>"; };
		92594142286EAB280006C62D /* StandsModel.swift */ = {isa = PBXFileReference; lastKnownFileType = sourcecode.swift; path = StandsModel.swift; sourceTree = "<group>"; };
		92594144286EAD8D0006C62D /* StandsProtocols.swift */ = {isa = PBXFileReference; lastKnownFileType = sourcecode.swift; path = StandsProtocols.swift; sourceTree = "<group>"; };
		92594146286EAD990006C62D /* StanadsPresenter.swift */ = {isa = PBXFileReference; lastKnownFileType = sourcecode.swift; path = StanadsPresenter.swift; sourceTree = "<group>"; };
		92594148286EAF160006C62D /* StandsCell.swift */ = {isa = PBXFileReference; lastKnownFileType = sourcecode.swift; path = StandsCell.swift; sourceTree = "<group>"; };
		9259414A286EBE140006C62D /* UILabel+Extension.swift */ = {isa = PBXFileReference; lastKnownFileType = sourcecode.swift; path = "UILabel+Extension.swift"; sourceTree = "<group>"; };
/* End PBXFileReference section */

/* Begin PBXFrameworksBuildPhase section */
		925940F8286DCF5F0006C62D /* Frameworks */ = {
			isa = PBXFrameworksBuildPhase;
			buildActionMask = 2147483647;
			files = (
			);
			runOnlyForDeploymentPostprocessing = 0;
		};
/* End PBXFrameworksBuildPhase section */

/* Begin PBXGroup section */
		925940F2286DCF5F0006C62D = {
			isa = PBXGroup;
			children = (
				925940FD286DCF5F0006C62D /* Football */,
				925940FC286DCF5F0006C62D /* Products */,
			);
			sourceTree = "<group>";
		};
		925940FC286DCF5F0006C62D /* Products */ = {
			isa = PBXGroup;
			children = (
				925940FB286DCF5F0006C62D /* Football.app */,
			);
			name = Products;
			sourceTree = "<group>";
		};
		925940FD286DCF5F0006C62D /* Football */ = {
			isa = PBXGroup;
			children = (
				9259412D286DF0530006C62D /* Extensions */,
				92594126286DE72C0006C62D /* Models */,
				9259411A286DD96D0006C62D /* App */,
				92594116286DD93B0006C62D /* LeaguesModule */,
				92594119286DD95E0006C62D /* SeasonsModule */,
				92594141286E8A440006C62D /* SeasonsDetailsModule */,
				92594121286DDBEF0006C62D /* Services */,
				92594107286DCF5F0006C62D /* Assets.xcassets */,
				92594109286DCF5F0006C62D /* LaunchScreen.storyboard */,
				9259410C286DCF5F0006C62D /* Info.plist */,
			);
			path = Football;
			sourceTree = "<group>";
		};
		92594116286DD93B0006C62D /* LeaguesModule */ = {
			isa = PBXGroup;
			children = (
				9259411D286DDAB80006C62D /* LeaguesProtocols.swift */,
				9259411B286DDA180006C62D /* LeaguesPresenter.swift */,
				92594102286DCF5F0006C62D /* LeaguesViewController.swift */,
				92594129286DEAD80006C62D /* LeagueViewCell.swift */,
			);
			path = LeaguesModule;
			sourceTree = "<group>";
		};
		92594119286DD95E0006C62D /* SeasonsModule */ = {
			isa = PBXGroup;
			children = (
				92594137286E87560006C62D /* SeasonsProtocols.swift */,
				92594139286E87640006C62D /* SeasonsPresenter.swift */,
				92594117286DD95A0006C62D /* SeasonsViewController.swift */,
				9259413B286E87730006C62D /* SeasonsCell.swift */,
			);
			path = SeasonsModule;
			sourceTree = "<group>";
		};
		9259411A286DD96D0006C62D /* App */ = {
			isa = PBXGroup;
			children = (
				925940FE286DCF5F0006C62D /* AppDelegate.swift */,
				92594100286DCF5F0006C62D /* SceneDelegate.swift */,
				92594114286DD88E0006C62D /* ModulesBuilder.swift */,
			);
			path = App;
			sourceTree = "<group>";
		};
		92594121286DDBEF0006C62D /* Services */ = {
			isa = PBXGroup;
			children = (
				9259411F286DDBE70006C62D /* NetworkingManager.swift */,
				92594136286E7B350006C62D /* ImageLoader */,
			);
			path = Services;
			sourceTree = "<group>";
		};
		92594126286DE72C0006C62D /* Models */ = {
			isa = PBXGroup;
			children = (
				92594124286DE7190006C62D /* LeaguesModel.swift */,
				9259413D286E88A80006C62D /* SeasonsModel.swift */,
				92594142286EAB280006C62D /* StandsModel.swift */,
			);
			path = Models;
			sourceTree = "<group>";
		};
		9259412D286DF0530006C62D /* Extensions */ = {
			isa = PBXGroup;
			children = (
				92594127286DEA780006C62D /* UIView+Extension.swift */,
				9259412B286DF0270006C62D /* CancelBag.swift */,
				9259412E286E6BE20006C62D /* UIStackView+Extension.swift */,
				92594130286E753F0006C62D /* UIImage+Extension.swift */,
				9259414A286EBE140006C62D /* UILabel+Extension.swift */,
			);
			path = Extensions;
			sourceTree = "<group>";
		};
		92594136286E7B350006C62D /* ImageLoader */ = {
			isa = PBXGroup;
			children = (
				92594134286E7AB80006C62D /* ImageLoader.swift */,
				92594132286E75AE0006C62D /* ImageCache.swift */,
			);
			path = ImageLoader;
			sourceTree = "<group>";
		};
		92594141286E8A440006C62D /* SeasonsDetailsModule */ = {
			isa = PBXGroup;
			children = (
				92594144286EAD8D0006C62D /* StandsProtocols.swift */,
				92594146286EAD990006C62D /* StanadsPresenter.swift */,
				9259413F286E8A390006C62D /* StandsViewController.swift */,
				92594148286EAF160006C62D /* StandsCell.swift */,
			);
			path = SeasonsDetailsModule;
			sourceTree = "<group>";
		};
/* End PBXGroup section */

/* Begin PBXNativeTarget section */
		925940FA286DCF5F0006C62D /* Football */ = {
			isa = PBXNativeTarget;
			buildConfigurationList = 9259410F286DCF5F0006C62D /* Build configuration list for PBXNativeTarget "Football" */;
			buildPhases = (
				925940F7286DCF5F0006C62D /* Sources */,
				925940F8286DCF5F0006C62D /* Frameworks */,
				925940F9286DCF5F0006C62D /* Resources */,
			);
			buildRules = (
			);
			dependencies = (
			);
			name = Football;
			productName = Football;
			productReference = 925940FB286DCF5F0006C62D /* Football.app */;
			productType = "com.apple.product-type.application";
		};
/* End PBXNativeTarget section */

/* Begin PBXProject section */
		925940F3286DCF5F0006C62D /* Project object */ = {
			isa = PBXProject;
			attributes = {
				BuildIndependentTargetsInParallel = 1;
				LastSwiftUpdateCheck = 1330;
				LastUpgradeCheck = 1330;
				TargetAttributes = {
					925940FA286DCF5F0006C62D = {
						CreatedOnToolsVersion = 13.3;
					};
				};
			};
			buildConfigurationList = 925940F6286DCF5F0006C62D /* Build configuration list for PBXProject "Football" */;
			compatibilityVersion = "Xcode 13.0";
			developmentRegion = en;
			hasScannedForEncodings = 0;
			knownRegions = (
				en,
				Base,
			);
			mainGroup = 925940F2286DCF5F0006C62D;
			productRefGroup = 925940FC286DCF5F0006C62D /* Products */;
			projectDirPath = "";
			projectRoot = "";
			targets = (
				925940FA286DCF5F0006C62D /* Football */,
			);
		};
/* End PBXProject section */

/* Begin PBXResourcesBuildPhase section */
		925940F9286DCF5F0006C62D /* Resources */ = {
			isa = PBXResourcesBuildPhase;
			buildActionMask = 2147483647;
			files = (
				9259410B286DCF5F0006C62D /* LaunchScreen.storyboard in Resources */,
				92594108286DCF5F0006C62D /* Assets.xcassets in Resources */,
			);
			runOnlyForDeploymentPostprocessing = 0;
		};
/* End PBXResourcesBuildPhase section */

/* Begin PBXSourcesBuildPhase section */
		925940F7286DCF5F0006C62D /* Sources */ = {
			isa = PBXSourcesBuildPhase;
			buildActionMask = 2147483647;
			files = (
				92594140286E8A390006C62D /* StandsViewController.swift in Sources */,
				92594125286DE7190006C62D /* LeaguesModel.swift in Sources */,
				92594149286EAF160006C62D /* StandsCell.swift in Sources */,
				92594145286EAD8D0006C62D /* StandsProtocols.swift in Sources */,
				9259412F286E6BE20006C62D /* UIStackView+Extension.swift in Sources */,
				9259413C286E87730006C62D /* SeasonsCell.swift in Sources */,
				92594133286E75AE0006C62D /* ImageCache.swift in Sources */,
				92594103286DCF5F0006C62D /* LeaguesViewController.swift in Sources */,
				925940FF286DCF5F0006C62D /* AppDelegate.swift in Sources */,
				9259413E286E88A80006C62D /* SeasonsModel.swift in Sources */,
				92594101286DCF5F0006C62D /* SceneDelegate.swift in Sources */,
				92594128286DEA780006C62D /* UIView+Extension.swift in Sources */,
				92594131286E753F0006C62D /* UIImage+Extension.swift in Sources */,
				9259412A286DEAD80006C62D /* LeagueViewCell.swift in Sources */,
				9259413A286E87640006C62D /* SeasonsPresenter.swift in Sources */,
				92594115286DD88E0006C62D /* ModulesBuilder.swift in Sources */,
				9259412C286DF0270006C62D /* CancelBag.swift in Sources */,
				9259414B286EBE140006C62D /* UILabel+Extension.swift in Sources */,
				92594135286E7AB80006C62D /* ImageLoader.swift in Sources */,
				92594143286EAB280006C62D /* StandsModel.swift in Sources */,
				92594118286DD95A0006C62D /* SeasonsViewController.swift in Sources */,
				92594147286EAD990006C62D /* StanadsPresenter.swift in Sources */,
				92594120286DDBE70006C62D /* NetworkingManager.swift in Sources */,
				9259411E286DDAB80006C62D /* LeaguesProtocols.swift in Sources */,
				92594138286E87560006C62D /* SeasonsProtocols.swift in Sources */,
				9259411C286DDA180006C62D /* LeaguesPresenter.swift in Sources */,
			);
			runOnlyForDeploymentPostprocessing = 0;
		};
/* End PBXSourcesBuildPhase section */

/* Begin PBXVariantGroup section */
		92594109286DCF5F0006C62D /* LaunchScreen.storyboard */ = {
			isa = PBXVariantGroup;
			children = (
				9259410A286DCF5F0006C62D /* Base */,
			);
			name = LaunchScreen.storyboard;
			sourceTree = "<group>";
		};
/* End PBXVariantGroup section */

/* Begin XCBuildConfiguration section */
		9259410D286DCF5F0006C62D /* Debug */ = {
			isa = XCBuildConfiguration;
			buildSettings = {
				ALWAYS_SEARCH_USER_PATHS = NO;
				CLANG_ANALYZER_NONNULL = YES;
				CLANG_ANALYZER_NUMBER_OBJECT_CONVERSION = YES_AGGRESSIVE;
				CLANG_CXX_LANGUAGE_STANDARD = "gnu++17";
				CLANG_ENABLE_MODULES = YES;
				CLANG_ENABLE_OBJC_ARC = YES;
				CLANG_ENABLE_OBJC_WEAK = YES;
				CLANG_WARN_BLOCK_CAPTURE_AUTORELEASING = YES;
				CLANG_WARN_BOOL_CONVERSION = YES;
				CLANG_WARN_COMMA = YES;
				CLANG_WARN_CONSTANT_CONVERSION = YES;
				CLANG_WARN_DEPRECATED_OBJC_IMPLEMENTATIONS = YES;
				CLANG_WARN_DIRECT_OBJC_ISA_USAGE = YES_ERROR;
				CLANG_WARN_DOCUMENTATION_COMMENTS = YES;
				CLANG_WARN_EMPTY_BODY = YES;
				CLANG_WARN_ENUM_CONVERSION = YES;
				CLANG_WARN_INFINITE_RECURSION = YES;
				CLANG_WARN_INT_CONVERSION = YES;
				CLANG_WARN_NON_LITERAL_NULL_CONVERSION = YES;
				CLANG_WARN_OBJC_IMPLICIT_RETAIN_SELF = YES;
				CLANG_WARN_OBJC_LITERAL_CONVERSION = YES;
				CLANG_WARN_OBJC_ROOT_CLASS = YES_ERROR;
				CLANG_WARN_QUOTED_INCLUDE_IN_FRAMEWORK_HEADER = YES;
				CLANG_WARN_RANGE_LOOP_ANALYSIS = YES;
				CLANG_WARN_STRICT_PROTOTYPES = YES;
				CLANG_WARN_SUSPICIOUS_MOVE = YES;
				CLANG_WARN_UNGUARDED_AVAILABILITY = YES_AGGRESSIVE;
				CLANG_WARN_UNREACHABLE_CODE = YES;
				CLANG_WARN__DUPLICATE_METHOD_MATCH = YES;
				COPY_PHASE_STRIP = NO;
				DEBUG_INFORMATION_FORMAT = dwarf;
				ENABLE_STRICT_OBJC_MSGSEND = YES;
				ENABLE_TESTABILITY = YES;
				GCC_C_LANGUAGE_STANDARD = gnu11;
				GCC_DYNAMIC_NO_PIC = NO;
				GCC_NO_COMMON_BLOCKS = YES;
				GCC_OPTIMIZATION_LEVEL = 0;
				GCC_PREPROCESSOR_DEFINITIONS = (
					"DEBUG=1",
					"$(inherited)",
				);
				GCC_WARN_64_TO_32_BIT_CONVERSION = YES;
				GCC_WARN_ABOUT_RETURN_TYPE = YES_ERROR;
				GCC_WARN_UNDECLARED_SELECTOR = YES;
				GCC_WARN_UNINITIALIZED_AUTOS = YES_AGGRESSIVE;
				GCC_WARN_UNUSED_FUNCTION = YES;
				GCC_WARN_UNUSED_VARIABLE = YES;
				IPHONEOS_DEPLOYMENT_TARGET = 14.0;
				MTL_ENABLE_DEBUG_INFO = INCLUDE_SOURCE;
				MTL_FAST_MATH = YES;
				ONLY_ACTIVE_ARCH = YES;
				SDKROOT = iphoneos;
				SWIFT_ACTIVE_COMPILATION_CONDITIONS = DEBUG;
				SWIFT_OPTIMIZATION_LEVEL = "-Onone";
			};
			name = Debug;
		};
		9259410E286DCF5F0006C62D /* Release */ = {
			isa = XCBuildConfiguration;
			buildSettings = {
				ALWAYS_SEARCH_USER_PATHS = NO;
				CLANG_ANALYZER_NONNULL = YES;
				CLANG_ANALYZER_NUMBER_OBJECT_CONVERSION = YES_AGGRESSIVE;
				CLANG_CXX_LANGUAGE_STANDARD = "gnu++17";
				CLANG_ENABLE_MODULES = YES;
				CLANG_ENABLE_OBJC_ARC = YES;
				CLANG_ENABLE_OBJC_WEAK = YES;
				CLANG_WARN_BLOCK_CAPTURE_AUTORELEASING = YES;
				CLANG_WARN_BOOL_CONVERSION = YES;
				CLANG_WARN_COMMA = YES;
				CLANG_WARN_CONSTANT_CONVERSION = YES;
				CLANG_WARN_DEPRECATED_OBJC_IMPLEMENTATIONS = YES;
				CLANG_WARN_DIRECT_OBJC_ISA_USAGE = YES_ERROR;
				CLANG_WARN_DOCUMENTATION_COMMENTS = YES;
				CLANG_WARN_EMPTY_BODY = YES;
				CLANG_WARN_ENUM_CONVERSION = YES;
				CLANG_WARN_INFINITE_RECURSION = YES;
				CLANG_WARN_INT_CONVERSION = YES;
				CLANG_WARN_NON_LITERAL_NULL_CONVERSION = YES;
				CLANG_WARN_OBJC_IMPLICIT_RETAIN_SELF = YES;
				CLANG_WARN_OBJC_LITERAL_CONVERSION = YES;
				CLANG_WARN_OBJC_ROOT_CLASS = YES_ERROR;
				CLANG_WARN_QUOTED_INCLUDE_IN_FRAMEWORK_HEADER = YES;
				CLANG_WARN_RANGE_LOOP_ANALYSIS = YES;
				CLANG_WARN_STRICT_PROTOTYPES = YES;
				CLANG_WARN_SUSPICIOUS_MOVE = YES;
				CLANG_WARN_UNGUARDED_AVAILABILITY = YES_AGGRESSIVE;
				CLANG_WARN_UNREACHABLE_CODE = YES;
				CLANG_WARN__DUPLICATE_METHOD_MATCH = YES;
				COPY_PHASE_STRIP = NO;
				DEBUG_INFORMATION_FORMAT = "dwarf-with-dsym";
				ENABLE_NS_ASSERTIONS = NO;
				ENABLE_STRICT_OBJC_MSGSEND = YES;
				GCC_C_LANGUAGE_STANDARD = gnu11;
				GCC_NO_COMMON_BLOCKS = YES;
				GCC_WARN_64_TO_32_BIT_CONVERSION = YES;
				GCC_WARN_ABOUT_RETURN_TYPE = YES_ERROR;
				GCC_WARN_UNDECLARED_SELECTOR = YES;
				GCC_WARN_UNINITIALIZED_AUTOS = YES_AGGRESSIVE;
				GCC_WARN_UNUSED_FUNCTION = YES;
				GCC_WARN_UNUSED_VARIABLE = YES;
				IPHONEOS_DEPLOYMENT_TARGET = 14.0;
				MTL_ENABLE_DEBUG_INFO = NO;
				MTL_FAST_MATH = YES;
				SDKROOT = iphoneos;
				SWIFT_COMPILATION_MODE = wholemodule;
				SWIFT_OPTIMIZATION_LEVEL = "-O";
				VALIDATE_PRODUCT = YES;
			};
			name = Release;
		};
		92594110286DCF5F0006C62D /* Debug */ = {
			isa = XCBuildConfiguration;
			buildSettings = {
				ASSETCATALOG_COMPILER_APPICON_NAME = AppIcon;
				ASSETCATALOG_COMPILER_GLOBAL_ACCENT_COLOR_NAME = AccentColor;
				CODE_SIGN_STYLE = Automatic;
				CURRENT_PROJECT_VERSION = 1;
				DEVELOPMENT_TEAM = VV3HM9845R;
				GENERATE_INFOPLIST_FILE = YES;
				INFOPLIST_FILE = Football/Info.plist;
				INFOPLIST_KEY_UIApplicationSupportsIndirectInputEvents = NO;
				INFOPLIST_KEY_UILaunchStoryboardName = LaunchScreen;
				INFOPLIST_KEY_UISupportedInterfaceOrientations_iPad = "UIInterfaceOrientationPortrait UIInterfaceOrientationPortraitUpsideDown UIInterfaceOrientationLandscapeLeft UIInterfaceOrientationLandscapeRight";
				INFOPLIST_KEY_UISupportedInterfaceOrientations_iPhone = "UIInterfaceOrientationPortrait UIInterfaceOrientationLandscapeLeft UIInterfaceOrientationLandscapeRight";
				LD_RUNPATH_SEARCH_PATHS = (
					"$(inherited)",
					"@executable_path/Frameworks",
				);
				MARKETING_VERSION = 1.0;
				PRODUCT_BUNDLE_IDENTIFIER = Test.Football;
				PRODUCT_NAME = "$(TARGET_NAME)";
				SWIFT_EMIT_LOC_STRINGS = YES;
				SWIFT_VERSION = 5.0;
				TARGETED_DEVICE_FAMILY = "1,2";
			};
			name = Debug;
		};
		92594111286DCF5F0006C62D /* Release */ = {
			isa = XCBuildConfiguration;
			buildSettings = {
				ASSETCATALOG_COMPILER_APPICON_NAME = AppIcon;
				ASSETCATALOG_COMPILER_GLOBAL_ACCENT_COLOR_NAME = AccentColor;
				CODE_SIGN_STYLE = Automatic;
				CURRENT_PROJECT_VERSION = 1;
				DEVELOPMENT_TEAM = VV3HM9845R;
				GENERATE_INFOPLIST_FILE = YES;
				INFOPLIST_FILE = Football/Info.plist;
				INFOPLIST_KEY_UIApplicationSupportsIndirectInputEvents = NO;
				INFOPLIST_KEY_UILaunchStoryboardName = LaunchScreen;
				INFOPLIST_KEY_UISupportedInterfaceOrientations_iPad = "UIInterfaceOrientationPortrait UIInterfaceOrientationPortraitUpsideDown UIInterfaceOrientationLandscapeLeft UIInterfaceOrientationLandscapeRight";
				INFOPLIST_KEY_UISupportedInterfaceOrientations_iPhone = "UIInterfaceOrientationPortrait UIInterfaceOrientationLandscapeLeft UIInterfaceOrientationLandscapeRight";
				LD_RUNPATH_SEARCH_PATHS = (
					"$(inherited)",
					"@executable_path/Frameworks",
				);
				MARKETING_VERSION = 1.0;
				PRODUCT_BUNDLE_IDENTIFIER = Test.Football;
				PRODUCT_NAME = "$(TARGET_NAME)";
				SWIFT_EMIT_LOC_STRINGS = YES;
				SWIFT_VERSION = 5.0;
				TARGETED_DEVICE_FAMILY = "1,2";
			};
			name = Release;
		};
/* End XCBuildConfiguration section */

/* Begin XCConfigurationList section */
		925940F6286DCF5F0006C62D /* Build configuration list for PBXProject "Football" */ = {
			isa = XCConfigurationList;
			buildConfigurations = (
				9259410D286DCF5F0006C62D /* Debug */,
				9259410E286DCF5F0006C62D /* Release */,
			);
			defaultConfigurationIsVisible = 0;
			defaultConfigurationName = Release;
		};
		9259410F286DCF5F0006C62D /* Build configuration list for PBXNativeTarget "Football" */ = {
			isa = XCConfigurationList;
			buildConfigurations = (
				92594110286DCF5F0006C62D /* Debug */,
				92594111286DCF5F0006C62D /* Release */,
			);
			defaultConfigurationIsVisible = 0;
			defaultConfigurationName = Release;
		};
/* End XCConfigurationList section */
	};
	rootObject = 925940F3286DCF5F0006C62D /* Project object */;
}
